{
  "name": "minitty",
  "version": "1.0.0",
  "lockfileVersion": 3,
  "requires": true,
  "packages": {
    "": {
      "name": "minitty",
      "version": "1.0.0",
      "license": "ISC",
      "dependencies": {
        "itty-router": "^5.0.5"
      }
    },
    "node_modules/itty-router": {
      "version": "5.0.5",
      "resolved": "https://registry.npmjs.org/itty-router/-/itty-router-5.0.5.tgz",
      "integrity": "sha512-SAidiHsush/fMnOjZdL4eilvwTiSc/ALbiqlc2RcYkW9SD924rzA/IBZJ1WxtGkFOHS9bhYAmtoBpcRiLuRMFg=="
    }
  }
}
